// !$*UTF8*$!
{
	archiveVersion = 1;
	classes = {
	};
	objectVersion = 46;
	objects = {

/* Begin PBXBuildFile section */
		20858A901AC2F9A100FCC46C /* Security.framework in Frameworks */ = {isa = PBXBuildFile; fileRef = FD2D9AF9196CFF5B00E59F80 /* Security.framework */; };
		20858A911AC2F9AE00FCC46C /* SystemConfiguration.framework in Frameworks */ = {isa = PBXBuildFile; fileRef = FD2D9AFB196CFF6800E59F80 /* SystemConfiguration.framework */; };
		20858AC71AC2FB5D00FCC46C /* GTLObject.m in Sources */ = {isa = PBXBuildFile; fileRef = 20858A961AC2FB5D00FCC46C /* GTLObject.m */; settings = {COMPILER_FLAGS = "-fno-objc-arc"; }; };
		20858AC81AC2FB5D00FCC46C /* GTLQuery.m in Sources */ = {isa = PBXBuildFile; fileRef = 20858A981AC2FB5D00FCC46C /* GTLQuery.m */; settings = {COMPILER_FLAGS = "-fno-objc-arc"; }; };
		20858AC91AC2FB5D00FCC46C /* GTLBatchQuery.m in Sources */ = {isa = PBXBuildFile; fileRef = 20858A9A1AC2FB5D00FCC46C /* GTLBatchQuery.m */; settings = {COMPILER_FLAGS = "-fno-objc-arc"; }; };
		20858ACA1AC2FB5D00FCC46C /* GTLService.m in Sources */ = {isa = PBXBuildFile; fileRef = 20858A9C1AC2FB5D00FCC46C /* GTLService.m */; settings = {COMPILER_FLAGS = "-fno-objc-arc"; }; };
		20858ACB1AC2FB5D00FCC46C /* GTLBatchResult.m in Sources */ = {isa = PBXBuildFile; fileRef = 20858A9E1AC2FB5D00FCC46C /* GTLBatchResult.m */; settings = {COMPILER_FLAGS = "-fno-objc-arc"; }; };
		20858ACC1AC2FB5D00FCC46C /* GTLUploadParameters.m in Sources */ = {isa = PBXBuildFile; fileRef = 20858AA01AC2FB5D00FCC46C /* GTLUploadParameters.m */; settings = {COMPILER_FLAGS = "-fno-objc-arc"; }; };
		20858ACD1AC2FB5D00FCC46C /* GTLDateTime.m in Sources */ = {isa = PBXBuildFile; fileRef = 20858AA21AC2FB5D00FCC46C /* GTLDateTime.m */; settings = {COMPILER_FLAGS = "-fno-objc-arc"; }; };
		20858ACE1AC2FB5D00FCC46C /* GTLErrorObject.m in Sources */ = {isa = PBXBuildFile; fileRef = 20858AA41AC2FB5D00FCC46C /* GTLErrorObject.m */; settings = {COMPILER_FLAGS = "-fno-objc-arc"; }; };
		20858ACF1AC2FB5D00FCC46C /* GTLRuntimeCommon.m in Sources */ = {isa = PBXBuildFile; fileRef = 20858AA61AC2FB5D00FCC46C /* GTLRuntimeCommon.m */; settings = {COMPILER_FLAGS = "-fno-objc-arc"; }; };
		20858AD01AC2FB5D00FCC46C /* GTLFramework.m in Sources */ = {isa = PBXBuildFile; fileRef = 20858AA81AC2FB5D00FCC46C /* GTLFramework.m */; settings = {COMPILER_FLAGS = "-fno-objc-arc"; }; };
		20858AD11AC2FB5D00FCC46C /* GTLJSONParser.m in Sources */ = {isa = PBXBuildFile; fileRef = 20858AAA1AC2FB5D00FCC46C /* GTLJSONParser.m */; settings = {COMPILER_FLAGS = "-fno-objc-arc"; }; };
		20858AD21AC2FB5D00FCC46C /* GTLUtilities.m in Sources */ = {isa = PBXBuildFile; fileRef = 20858AAD1AC2FB5D00FCC46C /* GTLUtilities.m */; settings = {COMPILER_FLAGS = "-fno-objc-arc"; }; };
		20858AD31AC2FB5D00FCC46C /* GTLBase64.m in Sources */ = {isa = PBXBuildFile; fileRef = 20858AAF1AC2FB5D00FCC46C /* GTLBase64.m */; settings = {COMPILER_FLAGS = "-fno-objc-arc"; }; };
		20858AD41AC2FB5D00FCC46C /* GTMHTTPFetcherService.m in Sources */ = {isa = PBXBuildFile; fileRef = 20858AB11AC2FB5D00FCC46C /* GTMHTTPFetcherService.m */; settings = {COMPILER_FLAGS = "-fno-objc-arc"; }; };
		20858AD51AC2FB5D00FCC46C /* GTMHTTPFetcher.m in Sources */ = {isa = PBXBuildFile; fileRef = 20858AB31AC2FB5D00FCC46C /* GTMHTTPFetcher.m */; settings = {COMPILER_FLAGS = "-fno-objc-arc"; }; };
		20858AD61AC2FB5D00FCC46C /* GTMHTTPFetcherLogging.m in Sources */ = {isa = PBXBuildFile; fileRef = 20858AB51AC2FB5D00FCC46C /* GTMHTTPFetcherLogging.m */; settings = {COMPILER_FLAGS = "-fno-objc-arc"; }; };
		20858AD71AC2FB5D00FCC46C /* GTMHTTPFetchHistory.m in Sources */ = {isa = PBXBuildFile; fileRef = 20858AB71AC2FB5D00FCC46C /* GTMHTTPFetchHistory.m */; settings = {COMPILER_FLAGS = "-fno-objc-arc"; }; };
		20858AD81AC2FB5D00FCC46C /* GTMHTTPUploadFetcher.m in Sources */ = {isa = PBXBuildFile; fileRef = 20858AB91AC2FB5D00FCC46C /* GTMHTTPUploadFetcher.m */; settings = {COMPILER_FLAGS = "-fno-objc-arc"; }; };
		20858AD91AC2FB5D00FCC46C /* GTMGatherInputStream.m in Sources */ = {isa = PBXBuildFile; fileRef = 20858ABB1AC2FB5D00FCC46C /* GTMGatherInputStream.m */; settings = {COMPILER_FLAGS = "-fno-objc-arc"; }; };
		20858ADA1AC2FB5D00FCC46C /* GTMMIMEDocument.m in Sources */ = {isa = PBXBuildFile; fileRef = 20858ABD1AC2FB5D00FCC46C /* GTMMIMEDocument.m */; settings = {COMPILER_FLAGS = "-fno-objc-arc"; }; };
		20858ADB1AC2FB5D00FCC46C /* GTMReadMonitorInputStream.m in Sources */ = {isa = PBXBuildFile; fileRef = 20858ABF1AC2FB5D00FCC46C /* GTMReadMonitorInputStream.m */; settings = {COMPILER_FLAGS = "-fno-objc-arc"; }; };
		20858ADC1AC2FB5D00FCC46C /* GTMOAuth2Authentication.m in Sources */ = {isa = PBXBuildFile; fileRef = 20858AC11AC2FB5D00FCC46C /* GTMOAuth2Authentication.m */; settings = {COMPILER_FLAGS = "-fno-objc-arc"; }; };
		20858ADD1AC2FB5D00FCC46C /* GTMOAuth2SignIn.m in Sources */ = {isa = PBXBuildFile; fileRef = 20858AC31AC2FB5D00FCC46C /* GTMOAuth2SignIn.m */; settings = {COMPILER_FLAGS = "-fno-objc-arc"; }; };
		20858ADE1AC2FB5D00FCC46C /* GTMOAuth2ViewControllerTouch.m in Sources */ = {isa = PBXBuildFile; fileRef = 20858AC51AC2FB5D00FCC46C /* GTMOAuth2ViewControllerTouch.m */; settings = {COMPILER_FLAGS = "-fno-objc-arc"; }; };
		20858ADF1AC2FB5D00FCC46C /* GTMOAuth2ViewTouch.xib in Resources */ = {isa = PBXBuildFile; fileRef = 20858AC61AC2FB5D00FCC46C /* GTMOAuth2ViewTouch.xib */; };
		20858AEB1AC302BB00FCC46C /* GTLMoviequotesConstants.m in Sources */ = {isa = PBXBuildFile; fileRef = 20858AE21AC302BB00FCC46C /* GTLMoviequotesConstants.m */; };
		20858AEC1AC302BB00FCC46C /* GTLMoviequotesMovieQuote.m in Sources */ = {isa = PBXBuildFile; fileRef = 20858AE41AC302BB00FCC46C /* GTLMoviequotesMovieQuote.m */; };
		20858AED1AC302BB00FCC46C /* GTLMoviequotesMovieQuoteCollection.m in Sources */ = {isa = PBXBuildFile; fileRef = 20858AE61AC302BB00FCC46C /* GTLMoviequotesMovieQuoteCollection.m */; };
		20858AEE1AC302BB00FCC46C /* GTLQueryMoviequotes.m in Sources */ = {isa = PBXBuildFile; fileRef = 20858AE81AC302BB00FCC46C /* GTLQueryMoviequotes.m */; };
		20858AEF1AC302BB00FCC46C /* GTLServiceMoviequotes.m in Sources */ = {isa = PBXBuildFile; fileRef = 20858AEA1AC302BB00FCC46C /* GTLServiceMoviequotes.m */; };
		FD2D9ABE196CEE2900E59F80 /* Foundation.framework in Frameworks */ = {isa = PBXBuildFile; fileRef = FD2D9ABD196CEE2900E59F80 /* Foundation.framework */; };
		FD2D9AC0196CEE2900E59F80 /* CoreGraphics.framework in Frameworks */ = {isa = PBXBuildFile; fileRef = FD2D9ABF196CEE2900E59F80 /* CoreGraphics.framework */; };
		FD2D9AC2196CEE2900E59F80 /* UIKit.framework in Frameworks */ = {isa = PBXBuildFile; fileRef = FD2D9AC1196CEE2900E59F80 /* UIKit.framework */; };
		FD2D9AC8196CEE2900E59F80 /* InfoPlist.strings in Resources */ = {isa = PBXBuildFile; fileRef = FD2D9AC6196CEE2900E59F80 /* InfoPlist.strings */; };
		FD2D9ACA196CEE2900E59F80 /* main.m in Sources */ = {isa = PBXBuildFile; fileRef = FD2D9AC9196CEE2900E59F80 /* main.m */; };
		FD2D9ACE196CEE2900E59F80 /* RHAppDelegate.m in Sources */ = {isa = PBXBuildFile; fileRef = FD2D9ACD196CEE2900E59F80 /* RHAppDelegate.m */; };
		FD2D9AD1196CEE2900E59F80 /* Main.storyboard in Resources */ = {isa = PBXBuildFile; fileRef = FD2D9ACF196CEE2900E59F80 /* Main.storyboard */; };
		FD2D9AD4196CEE2900E59F80 /* RHMasterViewController.m in Sources */ = {isa = PBXBuildFile; fileRef = FD2D9AD3196CEE2900E59F80 /* RHMasterViewController.m */; };
		FD2D9AD7196CEE2900E59F80 /* RHDetailViewController.m in Sources */ = {isa = PBXBuildFile; fileRef = FD2D9AD6196CEE2900E59F80 /* RHDetailViewController.m */; };
		FD2D9AD9196CEE2900E59F80 /* Images.xcassets in Resources */ = {isa = PBXBuildFile; fileRef = FD2D9AD8196CEE2900E59F80 /* Images.xcassets */; };
		FD2D9AE0196CEE2900E59F80 /* XCTest.framework in Frameworks */ = {isa = PBXBuildFile; fileRef = FD2D9ADF196CEE2900E59F80 /* XCTest.framework */; };
		FD2D9AE1196CEE2900E59F80 /* Foundation.framework in Frameworks */ = {isa = PBXBuildFile; fileRef = FD2D9ABD196CEE2900E59F80 /* Foundation.framework */; };
		FD2D9AE2196CEE2900E59F80 /* UIKit.framework in Frameworks */ = {isa = PBXBuildFile; fileRef = FD2D9AC1196CEE2900E59F80 /* UIKit.framework */; };
		FD2D9AEA196CEE2900E59F80 /* InfoPlist.strings in Resources */ = {isa = PBXBuildFile; fileRef = FD2D9AE8196CEE2900E59F80 /* InfoPlist.strings */; };
		FD2D9AEC196CEE2900E59F80 /* MovieQuotesTests.m in Sources */ = {isa = PBXBuildFile; fileRef = FD2D9AEB196CEE2900E59F80 /* MovieQuotesTests.m */; };
/* End PBXBuildFile section */

/* Begin PBXContainerItemProxy section */
		FD2D9AE3196CEE2900E59F80 /* PBXContainerItemProxy */ = {
			isa = PBXContainerItemProxy;
			containerPortal = FD2D9AB2196CEE2900E59F80 /* Project object */;
			proxyType = 1;
			remoteGlobalIDString = FD2D9AB9196CEE2900E59F80;
			remoteInfo = MovieQuotes;
		};
/* End PBXContainerItemProxy section */

/* Begin PBXFileReference section */
		20858A941AC2FB5D00FCC46C /* GTLDefines.h */ = {isa = PBXFileReference; fileEncoding = 4; lastKnownFileType = sourcecode.c.h; path = GTLDefines.h; sourceTree = "<group>"; };
		20858A951AC2FB5D00FCC46C /* GTLObject.h */ = {isa = PBXFileReference; fileEncoding = 4; lastKnownFileType = sourcecode.c.h; path = GTLObject.h; sourceTree = "<group>"; };
		20858A961AC2FB5D00FCC46C /* GTLObject.m */ = {isa = PBXFileReference; fileEncoding = 4; lastKnownFileType = sourcecode.c.objc; path = GTLObject.m; sourceTree = "<group>"; };
		20858A971AC2FB5D00FCC46C /* GTLQuery.h */ = {isa = PBXFileReference; fileEncoding = 4; lastKnownFileType = sourcecode.c.h; path = GTLQuery.h; sourceTree = "<group>"; };
		20858A981AC2FB5D00FCC46C /* GTLQuery.m */ = {isa = PBXFileReference; fileEncoding = 4; lastKnownFileType = sourcecode.c.objc; path = GTLQuery.m; sourceTree = "<group>"; };
		20858A991AC2FB5D00FCC46C /* GTLBatchQuery.h */ = {isa = PBXFileReference; fileEncoding = 4; lastKnownFileType = sourcecode.c.h; path = GTLBatchQuery.h; sourceTree = "<group>"; };
		20858A9A1AC2FB5D00FCC46C /* GTLBatchQuery.m */ = {isa = PBXFileReference; fileEncoding = 4; lastKnownFileType = sourcecode.c.objc; path = GTLBatchQuery.m; sourceTree = "<group>"; };
		20858A9B1AC2FB5D00FCC46C /* GTLService.h */ = {isa = PBXFileReference; fileEncoding = 4; lastKnownFileType = sourcecode.c.h; path = GTLService.h; sourceTree = "<group>"; };
		20858A9C1AC2FB5D00FCC46C /* GTLService.m */ = {isa = PBXFileReference; fileEncoding = 4; lastKnownFileType = sourcecode.c.objc; path = GTLService.m; sourceTree = "<group>"; };
		20858A9D1AC2FB5D00FCC46C /* GTLBatchResult.h */ = {isa = PBXFileReference; fileEncoding = 4; lastKnownFileType = sourcecode.c.h; path = GTLBatchResult.h; sourceTree = "<group>"; };
		20858A9E1AC2FB5D00FCC46C /* GTLBatchResult.m */ = {isa = PBXFileReference; fileEncoding = 4; lastKnownFileType = sourcecode.c.objc; path = GTLBatchResult.m; sourceTree = "<group>"; };
		20858A9F1AC2FB5D00FCC46C /* GTLUploadParameters.h */ = {isa = PBXFileReference; fileEncoding = 4; lastKnownFileType = sourcecode.c.h; path = GTLUploadParameters.h; sourceTree = "<group>"; };
		20858AA01AC2FB5D00FCC46C /* GTLUploadParameters.m */ = {isa = PBXFileReference; fileEncoding = 4; lastKnownFileType = sourcecode.c.objc; path = GTLUploadParameters.m; sourceTree = "<group>"; };
		20858AA11AC2FB5D00FCC46C /* GTLDateTime.h */ = {isa = PBXFileReference; fileEncoding = 4; lastKnownFileType = sourcecode.c.h; path = GTLDateTime.h; sourceTree = "<group>"; };
		20858AA21AC2FB5D00FCC46C /* GTLDateTime.m */ = {isa = PBXFileReference; fileEncoding = 4; lastKnownFileType = sourcecode.c.objc; path = GTLDateTime.m; sourceTree = "<group>"; };
		20858AA31AC2FB5D00FCC46C /* GTLErrorObject.h */ = {isa = PBXFileReference; fileEncoding = 4; lastKnownFileType = sourcecode.c.h; path = GTLErrorObject.h; sourceTree = "<group>"; };
		20858AA41AC2FB5D00FCC46C /* GTLErrorObject.m */ = {isa = PBXFileReference; fileEncoding = 4; lastKnownFileType = sourcecode.c.objc; path = GTLErrorObject.m; sourceTree = "<group>"; };
		20858AA51AC2FB5D00FCC46C /* GTLRuntimeCommon.h */ = {isa = PBXFileReference; fileEncoding = 4; lastKnownFileType = sourcecode.c.h; path = GTLRuntimeCommon.h; sourceTree = "<group>"; };
		20858AA61AC2FB5D00FCC46C /* GTLRuntimeCommon.m */ = {isa = PBXFileReference; fileEncoding = 4; lastKnownFileType = sourcecode.c.objc; path = GTLRuntimeCommon.m; sourceTree = "<group>"; };
		20858AA71AC2FB5D00FCC46C /* GTLFramework.h */ = {isa = PBXFileReference; fileEncoding = 4; lastKnownFileType = sourcecode.c.h; path = GTLFramework.h; sourceTree = "<group>"; };
		20858AA81AC2FB5D00FCC46C /* GTLFramework.m */ = {isa = PBXFileReference; fileEncoding = 4; lastKnownFileType = sourcecode.c.objc; path = GTLFramework.m; sourceTree = "<group>"; };
		20858AA91AC2FB5D00FCC46C /* GTLJSONParser.h */ = {isa = PBXFileReference; fileEncoding = 4; lastKnownFileType = sourcecode.c.h; path = GTLJSONParser.h; sourceTree = "<group>"; };
		20858AAA1AC2FB5D00FCC46C /* GTLJSONParser.m */ = {isa = PBXFileReference; fileEncoding = 4; lastKnownFileType = sourcecode.c.objc; path = GTLJSONParser.m; sourceTree = "<group>"; };
		20858AAB1AC2FB5D00FCC46C /* GTLTargetNamespace.h */ = {isa = PBXFileReference; fileEncoding = 4; lastKnownFileType = sourcecode.c.h; path = GTLTargetNamespace.h; sourceTree = "<group>"; };
		20858AAC1AC2FB5D00FCC46C /* GTLUtilities.h */ = {isa = PBXFileReference; fileEncoding = 4; lastKnownFileType = sourcecode.c.h; path = GTLUtilities.h; sourceTree = "<group>"; };
		20858AAD1AC2FB5D00FCC46C /* GTLUtilities.m */ = {isa = PBXFileReference; fileEncoding = 4; lastKnownFileType = sourcecode.c.objc; path = GTLUtilities.m; sourceTree = "<group>"; };
		20858AAE1AC2FB5D00FCC46C /* GTLBase64.h */ = {isa = PBXFileReference; fileEncoding = 4; lastKnownFileType = sourcecode.c.h; path = GTLBase64.h; sourceTree = "<group>"; };
		20858AAF1AC2FB5D00FCC46C /* GTLBase64.m */ = {isa = PBXFileReference; fileEncoding = 4; lastKnownFileType = sourcecode.c.objc; path = GTLBase64.m; sourceTree = "<group>"; };
		20858AB01AC2FB5D00FCC46C /* GTMHTTPFetcherService.h */ = {isa = PBXFileReference; fileEncoding = 4; lastKnownFileType = sourcecode.c.h; path = GTMHTTPFetcherService.h; sourceTree = "<group>"; };
		20858AB11AC2FB5D00FCC46C /* GTMHTTPFetcherService.m */ = {isa = PBXFileReference; fileEncoding = 4; lastKnownFileType = sourcecode.c.objc; path = GTMHTTPFetcherService.m; sourceTree = "<group>"; };
		20858AB21AC2FB5D00FCC46C /* GTMHTTPFetcher.h */ = {isa = PBXFileReference; fileEncoding = 4; lastKnownFileType = sourcecode.c.h; path = GTMHTTPFetcher.h; sourceTree = "<group>"; };
		20858AB31AC2FB5D00FCC46C /* GTMHTTPFetcher.m */ = {isa = PBXFileReference; fileEncoding = 4; lastKnownFileType = sourcecode.c.objc; path = GTMHTTPFetcher.m; sourceTree = "<group>"; };
		20858AB41AC2FB5D00FCC46C /* GTMHTTPFetcherLogging.h */ = {isa = PBXFileReference; fileEncoding = 4; lastKnownFileType = sourcecode.c.h; path = GTMHTTPFetcherLogging.h; sourceTree = "<group>"; };
		20858AB51AC2FB5D00FCC46C /* GTMHTTPFetcherLogging.m */ = {isa = PBXFileReference; fileEncoding = 4; lastKnownFileType = sourcecode.c.objc; path = GTMHTTPFetcherLogging.m; sourceTree = "<group>"; };
		20858AB61AC2FB5D00FCC46C /* GTMHTTPFetchHistory.h */ = {isa = PBXFileReference; fileEncoding = 4; lastKnownFileType = sourcecode.c.h; path = GTMHTTPFetchHistory.h; sourceTree = "<group>"; };
		20858AB71AC2FB5D00FCC46C /* GTMHTTPFetchHistory.m */ = {isa = PBXFileReference; fileEncoding = 4; lastKnownFileType = sourcecode.c.objc; path = GTMHTTPFetchHistory.m; sourceTree = "<group>"; };
		20858AB81AC2FB5D00FCC46C /* GTMHTTPUploadFetcher.h */ = {isa = PBXFileReference; fileEncoding = 4; lastKnownFileType = sourcecode.c.h; path = GTMHTTPUploadFetcher.h; sourceTree = "<group>"; };
		20858AB91AC2FB5D00FCC46C /* GTMHTTPUploadFetcher.m */ = {isa = PBXFileReference; fileEncoding = 4; lastKnownFileType = sourcecode.c.objc; path = GTMHTTPUploadFetcher.m; sourceTree = "<group>"; };
		20858ABA1AC2FB5D00FCC46C /* GTMGatherInputStream.h */ = {isa = PBXFileReference; fileEncoding = 4; lastKnownFileType = sourcecode.c.h; path = GTMGatherInputStream.h; sourceTree = "<group>"; };
		20858ABB1AC2FB5D00FCC46C /* GTMGatherInputStream.m */ = {isa = PBXFileReference; fileEncoding = 4; lastKnownFileType = sourcecode.c.objc; path = GTMGatherInputStream.m; sourceTree = "<group>"; };
		20858ABC1AC2FB5D00FCC46C /* GTMMIMEDocument.h */ = {isa = PBXFileReference; fileEncoding = 4; lastKnownFileType = sourcecode.c.h; path = GTMMIMEDocument.h; sourceTree = "<group>"; };
		20858ABD1AC2FB5D00FCC46C /* GTMMIMEDocument.m */ = {isa = PBXFileReference; fileEncoding = 4; lastKnownFileType = sourcecode.c.objc; path = GTMMIMEDocument.m; sourceTree = "<group>"; };
		20858ABE1AC2FB5D00FCC46C /* GTMReadMonitorInputStream.h */ = {isa = PBXFileReference; fileEncoding = 4; lastKnownFileType = sourcecode.c.h; path = GTMReadMonitorInputStream.h; sourceTree = "<group>"; };
		20858ABF1AC2FB5D00FCC46C /* GTMReadMonitorInputStream.m */ = {isa = PBXFileReference; fileEncoding = 4; lastKnownFileType = sourcecode.c.objc; path = GTMReadMonitorInputStream.m; sourceTree = "<group>"; };
		20858AC01AC2FB5D00FCC46C /* GTMOAuth2Authentication.h */ = {isa = PBXFileReference; fileEncoding = 4; lastKnownFileType = sourcecode.c.h; path = GTMOAuth2Authentication.h; sourceTree = "<group>"; };
		20858AC11AC2FB5D00FCC46C /* GTMOAuth2Authentication.m */ = {isa = PBXFileReference; fileEncoding = 4; lastKnownFileType = sourcecode.c.objc; path = GTMOAuth2Authentication.m; sourceTree = "<group>"; };
		20858AC21AC2FB5D00FCC46C /* GTMOAuth2SignIn.h */ = {isa = PBXFileReference; fileEncoding = 4; lastKnownFileType = sourcecode.c.h; path = GTMOAuth2SignIn.h; sourceTree = "<group>"; };
		20858AC31AC2FB5D00FCC46C /* GTMOAuth2SignIn.m */ = {isa = PBXFileReference; fileEncoding = 4; lastKnownFileType = sourcecode.c.objc; path = GTMOAuth2SignIn.m; sourceTree = "<group>"; };
		20858AC41AC2FB5D00FCC46C /* GTMOAuth2ViewControllerTouch.h */ = {isa = PBXFileReference; fileEncoding = 4; lastKnownFileType = sourcecode.c.h; path = GTMOAuth2ViewControllerTouch.h; sourceTree = "<group>"; };
		20858AC51AC2FB5D00FCC46C /* GTMOAuth2ViewControllerTouch.m */ = {isa = PBXFileReference; fileEncoding = 4; lastKnownFileType = sourcecode.c.objc; path = GTMOAuth2ViewControllerTouch.m; sourceTree = "<group>"; };
		20858AC61AC2FB5D00FCC46C /* GTMOAuth2ViewTouch.xib */ = {isa = PBXFileReference; fileEncoding = 4; lastKnownFileType = file.xib; path = GTMOAuth2ViewTouch.xib; sourceTree = "<group>"; };
		20858AE01AC302BB00FCC46C /* GTLMoviequotes.h */ = {isa = PBXFileReference; fileEncoding = 4; lastKnownFileType = sourcecode.c.h; path = GTLMoviequotes.h; sourceTree = "<group>"; };
		20858AE11AC302BB00FCC46C /* GTLMoviequotesConstants.h */ = {isa = PBXFileReference; fileEncoding = 4; lastKnownFileType = sourcecode.c.h; path = GTLMoviequotesConstants.h; sourceTree = "<group>"; };
		20858AE21AC302BB00FCC46C /* GTLMoviequotesConstants.m */ = {isa = PBXFileReference; fileEncoding = 4; lastKnownFileType = sourcecode.c.objc; path = GTLMoviequotesConstants.m; sourceTree = "<group>"; };
		20858AE31AC302BB00FCC46C /* GTLMoviequotesMovieQuote.h */ = {isa = PBXFileReference; fileEncoding = 4; lastKnownFileType = sourcecode.c.h; path = GTLMoviequotesMovieQuote.h; sourceTree = "<group>"; };
		20858AE41AC302BB00FCC46C /* GTLMoviequotesMovieQuote.m */ = {isa = PBXFileReference; fileEncoding = 4; lastKnownFileType = sourcecode.c.objc; path = GTLMoviequotesMovieQuote.m; sourceTree = "<group>"; };
		20858AE51AC302BB00FCC46C /* GTLMoviequotesMovieQuoteCollection.h */ = {isa = PBXFileReference; fileEncoding = 4; lastKnownFileType = sourcecode.c.h; path = GTLMoviequotesMovieQuoteCollection.h; sourceTree = "<group>"; };
		20858AE61AC302BB00FCC46C /* GTLMoviequotesMovieQuoteCollection.m */ = {isa = PBXFileReference; fileEncoding = 4; lastKnownFileType = sourcecode.c.objc; path = GTLMoviequotesMovieQuoteCollection.m; sourceTree = "<group>"; };
		20858AE71AC302BB00FCC46C /* GTLQueryMoviequotes.h */ = {isa = PBXFileReference; fileEncoding = 4; lastKnownFileType = sourcecode.c.h; path = GTLQueryMoviequotes.h; sourceTree = "<group>"; };
		20858AE81AC302BB00FCC46C /* GTLQueryMoviequotes.m */ = {isa = PBXFileReference; fileEncoding = 4; lastKnownFileType = sourcecode.c.objc; path = GTLQueryMoviequotes.m; sourceTree = "<group>"; };
		20858AE91AC302BB00FCC46C /* GTLServiceMoviequotes.h */ = {isa = PBXFileReference; fileEncoding = 4; lastKnownFileType = sourcecode.c.h; path = GTLServiceMoviequotes.h; sourceTree = "<group>"; };
		20858AEA1AC302BB00FCC46C /* GTLServiceMoviequotes.m */ = {isa = PBXFileReference; fileEncoding = 4; lastKnownFileType = sourcecode.c.objc; path = GTLServiceMoviequotes.m; sourceTree = "<group>"; };
		FD2D9ABA196CEE2900E59F80 /* MovieQuotes.app */ = {isa = PBXFileReference; explicitFileType = wrapper.application; includeInIndex = 0; path = MovieQuotes.app; sourceTree = BUILT_PRODUCTS_DIR; };
		FD2D9ABD196CEE2900E59F80 /* Foundation.framework */ = {isa = PBXFileReference; lastKnownFileType = wrapper.framework; name = Foundation.framework; path = System/Library/Frameworks/Foundation.framework; sourceTree = SDKROOT; };
		FD2D9ABF196CEE2900E59F80 /* CoreGraphics.framework */ = {isa = PBXFileReference; lastKnownFileType = wrapper.framework; name = CoreGraphics.framework; path = System/Library/Frameworks/CoreGraphics.framework; sourceTree = SDKROOT; };
		FD2D9AC1196CEE2900E59F80 /* UIKit.framework */ = {isa = PBXFileReference; lastKnownFileType = wrapper.framework; name = UIKit.framework; path = System/Library/Frameworks/UIKit.framework; sourceTree = SDKROOT; };
		FD2D9AC5196CEE2900E59F80 /* MovieQuotes-Info.plist */ = {isa = PBXFileReference; lastKnownFileType = text.plist.xml; path = "MovieQuotes-Info.plist"; sourceTree = "<group>"; };
		FD2D9AC7196CEE2900E59F80 /* en */ = {isa = PBXFileReference; lastKnownFileType = text.plist.strings; name = en; path = en.lproj/InfoPlist.strings; sourceTree = "<group>"; };
		FD2D9AC9196CEE2900E59F80 /* main.m */ = {isa = PBXFileReference; lastKnownFileType = sourcecode.c.objc; path = main.m; sourceTree = "<group>"; };
		FD2D9ACB196CEE2900E59F80 /* MovieQuotes-Prefix.pch */ = {isa = PBXFileReference; lastKnownFileType = sourcecode.c.h; path = "MovieQuotes-Prefix.pch"; sourceTree = "<group>"; };
		FD2D9ACC196CEE2900E59F80 /* RHAppDelegate.h */ = {isa = PBXFileReference; lastKnownFileType = sourcecode.c.h; path = RHAppDelegate.h; sourceTree = "<group>"; };
		FD2D9ACD196CEE2900E59F80 /* RHAppDelegate.m */ = {isa = PBXFileReference; lastKnownFileType = sourcecode.c.objc; path = RHAppDelegate.m; sourceTree = "<group>"; };
		FD2D9AD0196CEE2900E59F80 /* Base */ = {isa = PBXFileReference; lastKnownFileType = file.storyboard; name = Base; path = Base.lproj/Main.storyboard; sourceTree = "<group>"; };
		FD2D9AD2196CEE2900E59F80 /* RHMasterViewController.h */ = {isa = PBXFileReference; lastKnownFileType = sourcecode.c.h; path = RHMasterViewController.h; sourceTree = "<group>"; };
		FD2D9AD3196CEE2900E59F80 /* RHMasterViewController.m */ = {isa = PBXFileReference; lastKnownFileType = sourcecode.c.objc; path = RHMasterViewController.m; sourceTree = "<group>"; };
		FD2D9AD5196CEE2900E59F80 /* RHDetailViewController.h */ = {isa = PBXFileReference; lastKnownFileType = sourcecode.c.h; path = RHDetailViewController.h; sourceTree = "<group>"; };
		FD2D9AD6196CEE2900E59F80 /* RHDetailViewController.m */ = {isa = PBXFileReference; lastKnownFileType = sourcecode.c.objc; path = RHDetailViewController.m; sourceTree = "<group>"; };
		FD2D9AD8196CEE2900E59F80 /* Images.xcassets */ = {isa = PBXFileReference; lastKnownFileType = folder.assetcatalog; path = Images.xcassets; sourceTree = "<group>"; };
		FD2D9ADE196CEE2900E59F80 /* MovieQuotesTests.xctest */ = {isa = PBXFileReference; explicitFileType = wrapper.cfbundle; includeInIndex = 0; path = MovieQuotesTests.xctest; sourceTree = BUILT_PRODUCTS_DIR; };
		FD2D9ADF196CEE2900E59F80 /* XCTest.framework */ = {isa = PBXFileReference; lastKnownFileType = wrapper.framework; name = XCTest.framework; path = Library/Frameworks/XCTest.framework; sourceTree = DEVELOPER_DIR; };
		FD2D9AE7196CEE2900E59F80 /* MovieQuotesTests-Info.plist */ = {isa = PBXFileReference; lastKnownFileType = text.plist.xml; path = "MovieQuotesTests-Info.plist"; sourceTree = "<group>"; };
		FD2D9AE9196CEE2900E59F80 /* en */ = {isa = PBXFileReference; lastKnownFileType = text.plist.strings; name = en; path = en.lproj/InfoPlist.strings; sourceTree = "<group>"; };
		FD2D9AEB196CEE2900E59F80 /* MovieQuotesTests.m */ = {isa = PBXFileReference; lastKnownFileType = sourcecode.c.objc; path = MovieQuotesTests.m; sourceTree = "<group>"; };
		FD2D9AF9196CFF5B00E59F80 /* Security.framework */ = {isa = PBXFileReference; lastKnownFileType = wrapper.framework; name = Security.framework; path = System/Library/Frameworks/Security.framework; sourceTree = SDKROOT; };
		FD2D9AFB196CFF6800E59F80 /* SystemConfiguration.framework */ = {isa = PBXFileReference; lastKnownFileType = wrapper.framework; name = SystemConfiguration.framework; path = System/Library/Frameworks/SystemConfiguration.framework; sourceTree = SDKROOT; };
/* End PBXFileReference section */

/* Begin PBXFrameworksBuildPhase section */
		FD2D9AB7196CEE2900E59F80 /* Frameworks */ = {
			isa = PBXFrameworksBuildPhase;
			buildActionMask = 2147483647;
			files = (
				20858A911AC2F9AE00FCC46C /* SystemConfiguration.framework in Frameworks */,
				20858A901AC2F9A100FCC46C /* Security.framework in Frameworks */,
				FD2D9AC0196CEE2900E59F80 /* CoreGraphics.framework in Frameworks */,
				FD2D9AC2196CEE2900E59F80 /* UIKit.framework in Frameworks */,
				FD2D9ABE196CEE2900E59F80 /* Foundation.framework in Frameworks */,
			);
			runOnlyForDeploymentPostprocessing = 0;
		};
		FD2D9ADB196CEE2900E59F80 /* Frameworks */ = {
			isa = PBXFrameworksBuildPhase;
			buildActionMask = 2147483647;
			files = (
				FD2D9AE0196CEE2900E59F80 /* XCTest.framework in Frameworks */,
				FD2D9AE2196CEE2900E59F80 /* UIKit.framework in Frameworks */,
				FD2D9AE1196CEE2900E59F80 /* Foundation.framework in Frameworks */,
			);
			runOnlyForDeploymentPostprocessing = 0;
		};
/* End PBXFrameworksBuildPhase section */

/* Begin PBXGroup section */
		20858A921AC2F9BB00FCC46C /* GTL Client Library */ = {
			isa = PBXGroup;
			children = (
				20858A941AC2FB5D00FCC46C /* GTLDefines.h */,
				20858A951AC2FB5D00FCC46C /* GTLObject.h */,
				20858A961AC2FB5D00FCC46C /* GTLObject.m */,
				20858A971AC2FB5D00FCC46C /* GTLQuery.h */,
				20858A981AC2FB5D00FCC46C /* GTLQuery.m */,
				20858A991AC2FB5D00FCC46C /* GTLBatchQuery.h */,
				20858A9A1AC2FB5D00FCC46C /* GTLBatchQuery.m */,
				20858A9B1AC2FB5D00FCC46C /* GTLService.h */,
				20858A9C1AC2FB5D00FCC46C /* GTLService.m */,
				20858A9D1AC2FB5D00FCC46C /* GTLBatchResult.h */,
				20858A9E1AC2FB5D00FCC46C /* GTLBatchResult.m */,
				20858A9F1AC2FB5D00FCC46C /* GTLUploadParameters.h */,
				20858AA01AC2FB5D00FCC46C /* GTLUploadParameters.m */,
				20858AA11AC2FB5D00FCC46C /* GTLDateTime.h */,
				20858AA21AC2FB5D00FCC46C /* GTLDateTime.m */,
				20858AA31AC2FB5D00FCC46C /* GTLErrorObject.h */,
				20858AA41AC2FB5D00FCC46C /* GTLErrorObject.m */,
				20858AA51AC2FB5D00FCC46C /* GTLRuntimeCommon.h */,
				20858AA61AC2FB5D00FCC46C /* GTLRuntimeCommon.m */,
				20858AA71AC2FB5D00FCC46C /* GTLFramework.h */,
				20858AA81AC2FB5D00FCC46C /* GTLFramework.m */,
				20858AA91AC2FB5D00FCC46C /* GTLJSONParser.h */,
				20858AAA1AC2FB5D00FCC46C /* GTLJSONParser.m */,
				20858AAB1AC2FB5D00FCC46C /* GTLTargetNamespace.h */,
				20858AAC1AC2FB5D00FCC46C /* GTLUtilities.h */,
				20858AAD1AC2FB5D00FCC46C /* GTLUtilities.m */,
				20858AAE1AC2FB5D00FCC46C /* GTLBase64.h */,
				20858AAF1AC2FB5D00FCC46C /* GTLBase64.m */,
				20858AB01AC2FB5D00FCC46C /* GTMHTTPFetcherService.h */,
				20858AB11AC2FB5D00FCC46C /* GTMHTTPFetcherService.m */,
				20858AB21AC2FB5D00FCC46C /* GTMHTTPFetcher.h */,
				20858AB31AC2FB5D00FCC46C /* GTMHTTPFetcher.m */,
				20858AB41AC2FB5D00FCC46C /* GTMHTTPFetcherLogging.h */,
				20858AB51AC2FB5D00FCC46C /* GTMHTTPFetcherLogging.m */,
				20858AB61AC2FB5D00FCC46C /* GTMHTTPFetchHistory.h */,
				20858AB71AC2FB5D00FCC46C /* GTMHTTPFetchHistory.m */,
				20858AB81AC2FB5D00FCC46C /* GTMHTTPUploadFetcher.h */,
				20858AB91AC2FB5D00FCC46C /* GTMHTTPUploadFetcher.m */,
				20858ABA1AC2FB5D00FCC46C /* GTMGatherInputStream.h */,
				20858ABB1AC2FB5D00FCC46C /* GTMGatherInputStream.m */,
				20858ABC1AC2FB5D00FCC46C /* GTMMIMEDocument.h */,
				20858ABD1AC2FB5D00FCC46C /* GTMMIMEDocument.m */,
				20858ABE1AC2FB5D00FCC46C /* GTMReadMonitorInputStream.h */,
				20858ABF1AC2FB5D00FCC46C /* GTMReadMonitorInputStream.m */,
				20858AC01AC2FB5D00FCC46C /* GTMOAuth2Authentication.h */,
				20858AC11AC2FB5D00FCC46C /* GTMOAuth2Authentication.m */,
				20858AC21AC2FB5D00FCC46C /* GTMOAuth2SignIn.h */,
				20858AC31AC2FB5D00FCC46C /* GTMOAuth2SignIn.m */,
				20858AC41AC2FB5D00FCC46C /* GTMOAuth2ViewControllerTouch.h */,
				20858AC51AC2FB5D00FCC46C /* GTMOAuth2ViewControllerTouch.m */,
				20858AC61AC2FB5D00FCC46C /* GTMOAuth2ViewTouch.xib */,
			);
			name = "GTL Client Library";
			sourceTree = "<group>";
		};
		20858A931AC2F9E900FCC46C /* MovieQuotes API */ = {
			isa = PBXGroup;
			children = (
				20858AE01AC302BB00FCC46C /* GTLMoviequotes.h */,
				20858AE11AC302BB00FCC46C /* GTLMoviequotesConstants.h */,
				20858AE21AC302BB00FCC46C /* GTLMoviequotesConstants.m */,
				20858AE31AC302BB00FCC46C /* GTLMoviequotesMovieQuote.h */,
				20858AE41AC302BB00FCC46C /* GTLMoviequotesMovieQuote.m */,
				20858AE51AC302BB00FCC46C /* GTLMoviequotesMovieQuoteCollection.h */,
				20858AE61AC302BB00FCC46C /* GTLMoviequotesMovieQuoteCollection.m */,
				20858AE71AC302BB00FCC46C /* GTLQueryMoviequotes.h */,
				20858AE81AC302BB00FCC46C /* GTLQueryMoviequotes.m */,
				20858AE91AC302BB00FCC46C /* GTLServiceMoviequotes.h */,
				20858AEA1AC302BB00FCC46C /* GTLServiceMoviequotes.m */,
			);
			name = "MovieQuotes API";
			sourceTree = "<group>";
		};
		FD2D9AB1196CEE2900E59F80 = {
			isa = PBXGroup;
			children = (
				FD2D9AC3196CEE2900E59F80 /* MovieQuotes */,
				FD2D9AE5196CEE2900E59F80 /* MovieQuotesTests */,
				FD2D9ABC196CEE2900E59F80 /* Frameworks */,
				FD2D9ABB196CEE2900E59F80 /* Products */,
			);
			sourceTree = "<group>";
		};
		FD2D9ABB196CEE2900E59F80 /* Products */ = {
			isa = PBXGroup;
			children = (
				FD2D9ABA196CEE2900E59F80 /* MovieQuotes.app */,
				FD2D9ADE196CEE2900E59F80 /* MovieQuotesTests.xctest */,
			);
			name = Products;
			sourceTree = "<group>";
		};
		FD2D9ABC196CEE2900E59F80 /* Frameworks */ = {
			isa = PBXGroup;
			children = (
				FD2D9AFB196CFF6800E59F80 /* SystemConfiguration.framework */,
				FD2D9AF9196CFF5B00E59F80 /* Security.framework */,
				FD2D9ABD196CEE2900E59F80 /* Foundation.framework */,
				FD2D9ABF196CEE2900E59F80 /* CoreGraphics.framework */,
				FD2D9AC1196CEE2900E59F80 /* UIKit.framework */,
				FD2D9ADF196CEE2900E59F80 /* XCTest.framework */,
			);
			name = Frameworks;
			sourceTree = "<group>";
		};
		FD2D9AC3196CEE2900E59F80 /* MovieQuotes */ = {
			isa = PBXGroup;
			children = (
				20858A931AC2F9E900FCC46C /* MovieQuotes API */,
				20858A921AC2F9BB00FCC46C /* GTL Client Library */,
				FD2D9ACC196CEE2900E59F80 /* RHAppDelegate.h */,
				FD2D9ACD196CEE2900E59F80 /* RHAppDelegate.m */,
				FD2D9ACF196CEE2900E59F80 /* Main.storyboard */,
				FD2D9AF8196CFA1B00E59F80 /* View Controllers */,
				FD2D9AD8196CEE2900E59F80 /* Images.xcassets */,
				FD2D9AC4196CEE2900E59F80 /* Supporting Files */,
			);
			path = MovieQuotes;
			sourceTree = "<group>";
		};
		FD2D9AC4196CEE2900E59F80 /* Supporting Files */ = {
			isa = PBXGroup;
			children = (
				FD2D9AC5196CEE2900E59F80 /* MovieQuotes-Info.plist */,
				FD2D9AC6196CEE2900E59F80 /* InfoPlist.strings */,
				FD2D9AC9196CEE2900E59F80 /* main.m */,
				FD2D9ACB196CEE2900E59F80 /* MovieQuotes-Prefix.pch */,
			);
			name = "Supporting Files";
			sourceTree = "<group>";
		};
		FD2D9AE5196CEE2900E59F80 /* MovieQuotesTests */ = {
			isa = PBXGroup;
			children = (
				FD2D9AEB196CEE2900E59F80 /* MovieQuotesTests.m */,
				FD2D9AE6196CEE2900E59F80 /* Supporting Files */,
			);
			path = MovieQuotesTests;
			sourceTree = "<group>";
		};
		FD2D9AE6196CEE2900E59F80 /* Supporting Files */ = {
			isa = PBXGroup;
			children = (
				FD2D9AE7196CEE2900E59F80 /* MovieQuotesTests-Info.plist */,
				FD2D9AE8196CEE2900E59F80 /* InfoPlist.strings */,
			);
			name = "Supporting Files";
			sourceTree = "<group>";
		};
		FD2D9AF8196CFA1B00E59F80 /* View Controllers */ = {
			isa = PBXGroup;
			children = (
				FD2D9AD2196CEE2900E59F80 /* RHMasterViewController.h */,
				FD2D9AD3196CEE2900E59F80 /* RHMasterViewController.m */,
				FD2D9AD5196CEE2900E59F80 /* RHDetailViewController.h */,
				FD2D9AD6196CEE2900E59F80 /* RHDetailViewController.m */,
			);
			name = "View Controllers";
			sourceTree = "<group>";
		};
/* End PBXGroup section */

/* Begin PBXNativeTarget section */
		FD2D9AB9196CEE2900E59F80 /* MovieQuotes */ = {
			isa = PBXNativeTarget;
			buildConfigurationList = FD2D9AEF196CEE2900E59F80 /* Build configuration list for PBXNativeTarget "MovieQuotes" */;
			buildPhases = (
				FD2D9AB6196CEE2900E59F80 /* Sources */,
				FD2D9AB7196CEE2900E59F80 /* Frameworks */,
				FD2D9AB8196CEE2900E59F80 /* Resources */,
			);
			buildRules = (
			);
			dependencies = (
			);
			name = MovieQuotes;
			productName = MovieQuotes;
			productReference = FD2D9ABA196CEE2900E59F80 /* MovieQuotes.app */;
			productType = "com.apple.product-type.application";
		};
		FD2D9ADD196CEE2900E59F80 /* MovieQuotesTests */ = {
			isa = PBXNativeTarget;
			buildConfigurationList = FD2D9AF2196CEE2900E59F80 /* Build configuration list for PBXNativeTarget "MovieQuotesTests" */;
			buildPhases = (
				FD2D9ADA196CEE2900E59F80 /* Sources */,
				FD2D9ADB196CEE2900E59F80 /* Frameworks */,
				FD2D9ADC196CEE2900E59F80 /* Resources */,
			);
			buildRules = (
			);
			dependencies = (
				FD2D9AE4196CEE2900E59F80 /* PBXTargetDependency */,
			);
			name = MovieQuotesTests;
			productName = MovieQuotesTests;
			productReference = FD2D9ADE196CEE2900E59F80 /* MovieQuotesTests.xctest */;
			productType = "com.apple.product-type.bundle.unit-test";
		};
/* End PBXNativeTarget section */

/* Begin PBXProject section */
		FD2D9AB2196CEE2900E59F80 /* Project object */ = {
			isa = PBXProject;
			attributes = {
				CLASSPREFIX = RH;
				LastUpgradeCheck = 0510;
				ORGANIZATIONNAME = "Rose-Hulman";
				TargetAttributes = {
					FD2D9ADD196CEE2900E59F80 = {
						TestTargetID = FD2D9AB9196CEE2900E59F80;
					};
				};
			};
			buildConfigurationList = FD2D9AB5196CEE2900E59F80 /* Build configuration list for PBXProject "MovieQuotes" */;
			compatibilityVersion = "Xcode 3.2";
			developmentRegion = English;
			hasScannedForEncodings = 0;
			knownRegions = (
				en,
				Base,
			);
			mainGroup = FD2D9AB1196CEE2900E59F80;
			productRefGroup = FD2D9ABB196CEE2900E59F80 /* Products */;
			projectDirPath = "";
			projectRoot = "";
			targets = (
				FD2D9AB9196CEE2900E59F80 /* MovieQuotes */,
				FD2D9ADD196CEE2900E59F80 /* MovieQuotesTests */,
			);
		};
/* End PBXProject section */

/* Begin PBXResourcesBuildPhase section */
		FD2D9AB8196CEE2900E59F80 /* Resources */ = {
			isa = PBXResourcesBuildPhase;
			buildActionMask = 2147483647;
			files = (
				20858ADF1AC2FB5D00FCC46C /* GTMOAuth2ViewTouch.xib in Resources */,
				FD2D9AD9196CEE2900E59F80 /* Images.xcassets in Resources */,
				FD2D9AC8196CEE2900E59F80 /* InfoPlist.strings in Resources */,
				FD2D9AD1196CEE2900E59F80 /* Main.storyboard in Resources */,
			);
			runOnlyForDeploymentPostprocessing = 0;
		};
		FD2D9ADC196CEE2900E59F80 /* Resources */ = {
			isa = PBXResourcesBuildPhase;
			buildActionMask = 2147483647;
			files = (
				FD2D9AEA196CEE2900E59F80 /* InfoPlist.strings in Resources */,
			);
			runOnlyForDeploymentPostprocessing = 0;
		};
/* End PBXResourcesBuildPhase section */

/* Begin PBXSourcesBuildPhase section */
		FD2D9AB6196CEE2900E59F80 /* Sources */ = {
			isa = PBXSourcesBuildPhase;
			buildActionMask = 2147483647;
			files = (
				20858AC81AC2FB5D00FCC46C /* GTLQuery.m in Sources */,
				20858ADD1AC2FB5D00FCC46C /* GTMOAuth2SignIn.m in Sources */,
				20858ADB1AC2FB5D00FCC46C /* GTMReadMonitorInputStream.m in Sources */,
				20858AEC1AC302BB00FCC46C /* GTLMoviequotesMovieQuote.m in Sources */,
				20858AD71AC2FB5D00FCC46C /* GTMHTTPFetchHistory.m in Sources */,
				FD2D9ACE196CEE2900E59F80 /* RHAppDelegate.m in Sources */,
				20858AD01AC2FB5D00FCC46C /* GTLFramework.m in Sources */,
				20858AED1AC302BB00FCC46C /* GTLMoviequotesMovieQuoteCollection.m in Sources */,
				20858ADC1AC2FB5D00FCC46C /* GTMOAuth2Authentication.m in Sources */,
				20858ACF1AC2FB5D00FCC46C /* GTLRuntimeCommon.m in Sources */,
				20858AD11AC2FB5D00FCC46C /* GTLJSONParser.m in Sources */,
				20858ACC1AC2FB5D00FCC46C /* GTLUploadParameters.m in Sources */,
				20858AD51AC2FB5D00FCC46C /* GTMHTTPFetcher.m in Sources */,
				20858ACE1AC2FB5D00FCC46C /* GTLErrorObject.m in Sources */,
				20858AEE1AC302BB00FCC46C /* GTLQueryMoviequotes.m in Sources */,
				20858AC91AC2FB5D00FCC46C /* GTLBatchQuery.m in Sources */,
				20858AEF1AC302BB00FCC46C /* GTLServiceMoviequotes.m in Sources */,
				20858AC71AC2FB5D00FCC46C /* GTLObject.m in Sources */,
				20858ADA1AC2FB5D00FCC46C /* GTMMIMEDocument.m in Sources */,
				FD2D9AD4196CEE2900E59F80 /* RHMasterViewController.m in Sources */,
				FD2D9ACA196CEE2900E59F80 /* main.m in Sources */,
				20858ACD1AC2FB5D00FCC46C /* GTLDateTime.m in Sources */,
				20858AD31AC2FB5D00FCC46C /* GTLBase64.m in Sources */,
				20858AD21AC2FB5D00FCC46C /* GTLUtilities.m in Sources */,
				FD2D9AD7196CEE2900E59F80 /* RHDetailViewController.m in Sources */,
				20858AEB1AC302BB00FCC46C /* GTLMoviequotesConstants.m in Sources */,
				20858AD91AC2FB5D00FCC46C /* GTMGatherInputStream.m in Sources */,
				20858AD81AC2FB5D00FCC46C /* GTMHTTPUploadFetcher.m in Sources */,
				20858ACB1AC2FB5D00FCC46C /* GTLBatchResult.m in Sources */,
				20858AD41AC2FB5D00FCC46C /* GTMHTTPFetcherService.m in Sources */,
				20858AD61AC2FB5D00FCC46C /* GTMHTTPFetcherLogging.m in Sources */,
				20858ADE1AC2FB5D00FCC46C /* GTMOAuth2ViewControllerTouch.m in Sources */,
				20858ACA1AC2FB5D00FCC46C /* GTLService.m in Sources */,
			);
			runOnlyForDeploymentPostprocessing = 0;
		};
		FD2D9ADA196CEE2900E59F80 /* Sources */ = {
			isa = PBXSourcesBuildPhase;
			buildActionMask = 2147483647;
			files = (
				FD2D9AEC196CEE2900E59F80 /* MovieQuotesTests.m in Sources */,
			);
			runOnlyForDeploymentPostprocessing = 0;
		};
/* End PBXSourcesBuildPhase section */

/* Begin PBXTargetDependency section */
		FD2D9AE4196CEE2900E59F80 /* PBXTargetDependency */ = {
			isa = PBXTargetDependency;
			target = FD2D9AB9196CEE2900E59F80 /* MovieQuotes */;
			targetProxy = FD2D9AE3196CEE2900E59F80 /* PBXContainerItemProxy */;
		};
/* End PBXTargetDependency section */

/* Begin PBXVariantGroup section */
		FD2D9AC6196CEE2900E59F80 /* InfoPlist.strings */ = {
			isa = PBXVariantGroup;
			children = (
				FD2D9AC7196CEE2900E59F80 /* en */,
			);
			name = InfoPlist.strings;
			sourceTree = "<group>";
		};
		FD2D9ACF196CEE2900E59F80 /* Main.storyboard */ = {
			isa = PBXVariantGroup;
			children = (
				FD2D9AD0196CEE2900E59F80 /* Base */,
			);
			name = Main.storyboard;
			sourceTree = "<group>";
		};
		FD2D9AE8196CEE2900E59F80 /* InfoPlist.strings */ = {
			isa = PBXVariantGroup;
			children = (
				FD2D9AE9196CEE2900E59F80 /* en */,
			);
			name = InfoPlist.strings;
			sourceTree = "<group>";
		};
/* End PBXVariantGroup section */

/* Begin XCBuildConfiguration section */
		FD2D9AED196CEE2900E59F80 /* Debug */ = {
			isa = XCBuildConfiguration;
			buildSettings = {
				ALWAYS_SEARCH_USER_PATHS = NO;
				CLANG_CXX_LANGUAGE_STANDARD = "gnu++0x";
				CLANG_CXX_LIBRARY = "libc++";
				CLANG_ENABLE_MODULES = YES;
				CLANG_ENABLE_OBJC_ARC = YES;
				CLANG_WARN_BOOL_CONVERSION = YES;
				CLANG_WARN_CONSTANT_CONVERSION = YES;
				CLANG_WARN_DIRECT_OBJC_ISA_USAGE = YES_ERROR;
				CLANG_WARN_EMPTY_BODY = YES;
				CLANG_WARN_ENUM_CONVERSION = YES;
				CLANG_WARN_INT_CONVERSION = YES;
				CLANG_WARN_OBJC_ROOT_CLASS = YES_ERROR;
				CLANG_WARN__DUPLICATE_METHOD_MATCH = YES;
				"CODE_SIGN_IDENTITY[sdk=iphoneos*]" = "iPhone Developer";
				COPY_PHASE_STRIP = NO;
				GCC_C_LANGUAGE_STANDARD = gnu99;
				GCC_DYNAMIC_NO_PIC = NO;
				GCC_OPTIMIZATION_LEVEL = 0;
				GCC_PREPROCESSOR_DEFINITIONS = (
					"DEBUG=1",
					"$(inherited)",
				);
				GCC_SYMBOLS_PRIVATE_EXTERN = NO;
				GCC_WARN_64_TO_32_BIT_CONVERSION = YES;
				GCC_WARN_ABOUT_RETURN_TYPE = YES_ERROR;
				GCC_WARN_UNDECLARED_SELECTOR = YES;
				GCC_WARN_UNINITIALIZED_AUTOS = YES_AGGRESSIVE;
				GCC_WARN_UNUSED_FUNCTION = YES;
				GCC_WARN_UNUSED_VARIABLE = YES;
				IPHONEOS_DEPLOYMENT_TARGET = 7.1;
				ONLY_ACTIVE_ARCH = YES;
				SDKROOT = iphoneos;
			};
			name = Debug;
		};
		FD2D9AEE196CEE2900E59F80 /* Release */ = {
			isa = XCBuildConfiguration;
			buildSettings = {
				ALWAYS_SEARCH_USER_PATHS = NO;
				CLANG_CXX_LANGUAGE_STANDARD = "gnu++0x";
				CLANG_CXX_LIBRARY = "libc++";
				CLANG_ENABLE_MODULES = YES;
				CLANG_ENABLE_OBJC_ARC = YES;
				CLANG_WARN_BOOL_CONVERSION = YES;
				CLANG_WARN_CONSTANT_CONVERSION = YES;
				CLANG_WARN_DIRECT_OBJC_ISA_USAGE = YES_ERROR;
				CLANG_WARN_EMPTY_BODY = YES;
				CLANG_WARN_ENUM_CONVERSION = YES;
				CLANG_WARN_INT_CONVERSION = YES;
				CLANG_WARN_OBJC_ROOT_CLASS = YES_ERROR;
				CLANG_WARN__DUPLICATE_METHOD_MATCH = YES;
				"CODE_SIGN_IDENTITY[sdk=iphoneos*]" = "iPhone Developer";
				COPY_PHASE_STRIP = YES;
				ENABLE_NS_ASSERTIONS = NO;
				GCC_C_LANGUAGE_STANDARD = gnu99;
				GCC_WARN_64_TO_32_BIT_CONVERSION = YES;
				GCC_WARN_ABOUT_RETURN_TYPE = YES_ERROR;
				GCC_WARN_UNDECLARED_SELECTOR = YES;
				GCC_WARN_UNINITIALIZED_AUTOS = YES_AGGRESSIVE;
				GCC_WARN_UNUSED_FUNCTION = YES;
				GCC_WARN_UNUSED_VARIABLE = YES;
				IPHONEOS_DEPLOYMENT_TARGET = 7.1;
				SDKROOT = iphoneos;
				VALIDATE_PRODUCT = YES;
			};
			name = Release;
		};
		FD2D9AF0196CEE2900E59F80 /* Debug */ = {
			isa = XCBuildConfiguration;
			buildSettings = {
				ASSETCATALOG_COMPILER_APPICON_NAME = AppIcon;
				ASSETCATALOG_COMPILER_LAUNCHIMAGE_NAME = LaunchImage;
				GCC_PRECOMPILE_PREFIX_HEADER = YES;
				GCC_PREFIX_HEADER = "MovieQuotes/MovieQuotes-Prefix.pch";
				INFOPLIST_FILE = "MovieQuotes/MovieQuotes-Info.plist";
				PRODUCT_NAME = "$(TARGET_NAME)";
				WRAPPER_EXTENSION = app;
			};
			name = Debug;
		};
		FD2D9AF1196CEE2900E59F80 /* Release */ = {
			isa = XCBuildConfiguration;
			buildSettings = {
				ASSETCATALOG_COMPILER_APPICON_NAME = AppIcon;
				ASSETCATALOG_COMPILER_LAUNCHIMAGE_NAME = LaunchImage;
				GCC_PRECOMPILE_PREFIX_HEADER = YES;
				GCC_PREFIX_HEADER = "MovieQuotes/MovieQuotes-Prefix.pch";
				INFOPLIST_FILE = "MovieQuotes/MovieQuotes-Info.plist";
				PRODUCT_NAME = "$(TARGET_NAME)";
				WRAPPER_EXTENSION = app;
			};
			name = Release;
		};
		FD2D9AF3196CEE2900E59F80 /* Debug */ = {
			isa = XCBuildConfiguration;
			buildSettings = {
				BUNDLE_LOADER = "$(BUILT_PRODUCTS_DIR)/MovieQuotes.app/MovieQuotes";
				FRAMEWORK_SEARCH_PATHS = (
					"$(SDKROOT)/Developer/Library/Frameworks",
					"$(inherited)",
					"$(DEVELOPER_FRAMEWORKS_DIR)",
				);
				GCC_PRECOMPILE_PREFIX_HEADER = YES;
				GCC_PREFIX_HEADER = "MovieQuotes/MovieQuotes-Prefix.pch";
				GCC_PREPROCESSOR_DEFINITIONS = (
					"DEBUG=1",
					"$(inherited)",
				);
				INFOPLIST_FILE = "MovieQuotesTests/MovieQuotesTests-Info.plist";
				PRODUCT_NAME = "$(TARGET_NAME)";
				TEST_HOST = "$(BUNDLE_LOADER)";
				WRAPPER_EXTENSION = xctest;
			};
			name = Debug;
		};
		FD2D9AF4196CEE2900E59F80 /* Release */ = {
			isa = XCBuildConfiguration;
			buildSettings = {
				BUNDLE_LOADER = "$(BUILT_PRODUCTS_DIR)/MovieQuotes.app/MovieQuotes";
				FRAMEWORK_SEARCH_PATHS = (
					"$(SDKROOT)/Developer/Library/Frameworks",
					"$(inherited)",
					"$(DEVELOPER_FRAMEWORKS_DIR)",
				);
				GCC_PRECOMPILE_PREFIX_HEADER = YES;
				GCC_PREFIX_HEADER = "MovieQuotes/MovieQuotes-Prefix.pch";
				INFOPLIST_FILE = "MovieQuotesTests/MovieQuotesTests-Info.plist";
				PRODUCT_NAME = "$(TARGET_NAME)";
				TEST_HOST = "$(BUNDLE_LOADER)";
				WRAPPER_EXTENSION = xctest;
			};
			name = Release;
		};
/* End XCBuildConfiguration section */

/* Begin XCConfigurationList section */
		FD2D9AB5196CEE2900E59F80 /* Build configuration list for PBXProject "MovieQuotes" */ = {
			isa = XCConfigurationList;
			buildConfigurations = (
				FD2D9AED196CEE2900E59F80 /* Debug */,
				FD2D9AEE196CEE2900E59F80 /* Release */,
			);
			defaultConfigurationIsVisible = 0;
			defaultConfigurationName = Release;
		};
		FD2D9AEF196CEE2900E59F80 /* Build configuration list for PBXNativeTarget "MovieQuotes" */ = {
			isa = XCConfigurationList;
			buildConfigurations = (
				FD2D9AF0196CEE2900E59F80 /* Debug */,
				FD2D9AF1196CEE2900E59F80 /* Release */,
			);
			defaultConfigurationIsVisible = 0;
			defaultConfigurationName = Release;
		};
		FD2D9AF2196CEE2900E59F80 /* Build configuration list for PBXNativeTarget "MovieQuotesTests" */ = {
			isa = XCConfigurationList;
			buildConfigurations = (
				FD2D9AF3196CEE2900E59F80 /* Debug */,
				FD2D9AF4196CEE2900E59F80 /* Release */,
			);
			defaultConfigurationIsVisible = 0;
			defaultConfigurationName = Release;
		};
/* End XCConfigurationList section */
	};
	rootObject = FD2D9AB2196CEE2900E59F80 /* Project object */;
}
